
Microsoft Visual Studio Solution File, Format Version 12.00
# Visual Studio Version 16
VisualStudioVersion = 16.0.32002.261
MinimumVisualStudioVersion = 10.0.40219.1
Project("{FAE04EC0-301F-11D3-BF4B-00C04F79EFBC}") = "AppForQED_Games", "AppForQED_Games\AppForQED_Games.csproj", "{A2A70169-448E-4715-86B4-B0F5CD322352}"
EndProject
Global
	GlobalSection(SolutionConfigurationPlatforms) = preSolution
		Debug|Any CPU = Debug|Any CPU
		Release|Any CPU = Release|Any CPU
	EndGlobalSection
	GlobalSection(ProjectConfigurationPlatforms) = postSolution
		{A2A70169-448E-4715-86B4-B0F5CD322352}.Debug|Any CPU.ActiveCfg = Debug|Any CPU
		{A2A70169-448E-4715-86B4-B0F5CD322352}.Debug|Any CPU.Build.0 = Debug|Any CPU
		{A2A70169-448E-4715-86B4-B0F5CD322352}.Release|Any CPU.ActiveCfg = Release|Any CPU
		{A2A70169-448E-4715-86B4-B0F5CD322352}.Release|Any CPU.Build.0 = Release|Any CPU
	EndGlobalSection
	GlobalSection(SolutionProperties) = preSolution
		HideSolutionNode = FALSE
	EndGlobalSection
	GlobalSection(ExtensibilityGlobals) = postSolution
		SolutionGuid = {DCC003BF-5AD9-43EF-927F-D35BAA1818CF}
	EndGlobalSection
EndGlobal
